<Solution>
  <Project Path="DofBridge/DofBridge.csproj" />
  <Project Path="Phosphor.Plugin.Abstractions/Phosphor.Plugin.Abstractions.csproj" />
  <Project Path="Phosphor.Plugins.LocalFolder/Phosphor.Plugins.LocalFolder.csproj" />
  <Project Path="Phosphor.Plugins.Jellyfin/Phosphor.Plugins.Jellyfin.csproj" />
  <Project Path="Phosphor.Plugins.Emby/Phosphor.Plugins.Emby.csproj" />
  <Project Path="Phosphor.Plugins.SiriusXM/Phosphor.Plugins.SiriusXM.csproj" />
  <Project Path="Phosphor.Plugins.Vimeo/Phosphor.Plugins.Vimeo.csproj" />
  <Project Path="Phosphor.Plugins.YouTube/Phosphor.Plugins.YouTube.csproj" />
  <Project Path="Phosphor.Plugins.Plex/Phosphor.Plugins.Plex.csproj" />
  <Project Path="Phosphor.Plugins.Dailymotion/Phosphor.Plugins.Dailymotion.csproj" />
  <Project Path="Phosphor.Plugins.SoundCloud/Phosphor.Plugins.SoundCloud.csproj" />
  <Project Path="Phosphor.Plugins.IHeartRadio/Phosphor.Plugins.IHeartRadio.csproj" />
  <Project Path="Phosphor/Phosphor.csproj" />
</Solution>

