<Solution>
  <Project Path="DofBridge/DofBridge.csproj" />
  <Project Path="Phosphor.Plugin.Abstractions/Phosphor.Plugin.Abstractions.csproj" />
  <Project Path="Phosphor.Plugins.LocalFolder/Phosphor.Plugins.LocalFolder.csproj" />
  <Project Path="Phosphor.Plugins.Jellyfin/Phosphor.Plugins.Jellyfin.csproj" />
  <Project Path="Phosphor.Plugins.SiriusXM/Phosphor.Plugins.SiriusXM.csproj" />
  <Project Path="Phosphor/Phosphor.csproj" />
</Solution>
